{
    "version": 3,
    "terraform_version": "0.11.7",
    "serial": 2,
    "lineage": "c2205774-706e-7617-9947-dc6c9aa343e5",
    "modules": [
        {
            "path": [
                "root"
            ],
            "outputs": {},
            "resources": {
                "aws_key_pair.example": {
                    "type": "aws_key_pair",
                    "depends_on": [],
                    "primary": {
                        "id": "AdvanceCFN",
                        "attributes": {
                            "fingerprint": "0c:8f:3c:02:6d:65:1e:d3:8d:c6:46:7d:85:6a:60:50",
                            "id": "AdvanceCFN",
                            "key_name": "AdvanceCFN",
                            "public_key": "ssh-rsa AAAAB3NzaC1yc2EAAAADAQABAAABAQC28ecGrcZV21/s4Br8vCT+CmVO9Ahq1ou/+kln8etkeHU6t1R19n45NsVMvJmj+mgudUwUdMwTQ5RbcKZ0Tsur677VbRTfgsEoJ+9mraB7KHV9HK0Ij6PI4CzrgsvCCoqLNC4c2zZ/TgJYujFT7ozWhrVfn4XiKWK7+0CUi8hUAe5uD1ulEnvIsQqfTAq8ah63ZvOLp/S+WpaYlecErQoN6nVcVSOVVh+E8ml7gpLjy+gM2mtiin2lop2MPrwIWnst7HHKSxB6UE85dW43h+M2SnBKN6U/EMUIwsb9ndQ05TVnHw2gnBN5EwLkGwuNjqXHOjwZZZ6T2RW7JStlhqXZ"
                        },
                        "meta": {
                            "schema_version": "1"
                        },
                        "tainted": false
                    },
                    "deposed": [],
                    "provider": "provider.aws"
                },
                "aws_security_group.examplesg": {
                    "type": "aws_security_group",
                    "depends_on": [],
                    "primary": {
                        "id": "sg-0f4e4bb2600dfb4ff",
                        "attributes": {
                            "arn": "arn:aws:ec2:us-west-1:853685740910:security-group/sg-0f4e4bb2600dfb4ff",
                            "description": "Managed by Terraform",
                            "egress.#": "0",
                            "id": "sg-0f4e4bb2600dfb4ff",
                            "ingress.#": "1",
                            "ingress.2541437006.cidr_blocks.#": "1",
                            "ingress.2541437006.cidr_blocks.0": "0.0.0.0/0",
                            "ingress.2541437006.description": "",
                            "ingress.2541437006.from_port": "22",
                            "ingress.2541437006.ipv6_cidr_blocks.#": "0",
                            "ingress.2541437006.prefix_list_ids.#": "0",
                            "ingress.2541437006.protocol": "tcp",
                            "ingress.2541437006.security_groups.#": "0",
                            "ingress.2541437006.self": "false",
                            "ingress.2541437006.to_port": "22",
                            "name": "terraform-20190423104115391800000001",
                            "owner_id": "853685740910",
                            "revoke_rules_on_delete": "false",
                            "tags.%": "0",
                            "vpc_id": "vpc-d06a36b7"
                        },
                        "meta": {
                            "e2bfb730-ecaa-11e6-8f88-34363bc7c4c0": {
                                "create": 600000000000,
                                "delete": 600000000000
                            },
                            "schema_version": "1"
                        },
                        "tainted": false
                    },
                    "deposed": [],
                    "provider": "provider.aws"
                }
            },
            "depends_on": []
        }
    ]
}
