{
    "version": 3,
    "terraform_version": "0.11.7",
    "serial": 2,
    "lineage": "c2205774-706e-7617-9947-dc6c9aa343e5",
    "modules": [
        {
            "path": [
                "root"
            ],
            "outputs": {},
            "resources": {
                "aws_instance.ec2_instance": {
                    "type": "aws_instance",
                    "depends_on": [
                        "aws_key_pair.example",
                        "aws_security_group.examplesg"
                    ],
                    "primary": {
                        "id": "i-097ea7c13a71b4ab1",
                        "attributes": {
                            "ami": "ami-28e07e50",
                            "arn": "arn:aws:ec2:us-west-2:853685740910:instance/i-097ea7c13a71b4ab1",
                            "associate_public_ip_address": "true",
                            "availability_zone": "us-west-2a",
                            "cpu_core_count": "1",
                            "cpu_threads_per_core": "1",
                            "credit_specification.#": "1",
                            "credit_specification.0.cpu_credits": "standard",
                            "disable_api_termination": "false",
                            "ebs_block_device.#": "0",
                            "ebs_optimized": "false",
                            "ephemeral_block_device.#": "0",
                            "get_password_data": "false",
                            "iam_instance_profile": "",
                            "id": "i-097ea7c13a71b4ab1",
                            "instance_state": "running",
                            "instance_type": "t2.micro",
                            "ipv6_address_count": "0",
                            "ipv6_addresses.#": "0",
                            "key_name": "AdvanceCFN",
                            "monitoring": "false",
                            "network_interface.#": "0",
                            "password_data": "",
                            "placement_group": "",
                            "primary_network_interface_id": "eni-0b642234b20f5f45d",
                            "private_dns": "ip-172-31-20-237.us-west-2.compute.internal",
                            "private_ip": "172.31.20.237",
                            "public_dns": "ec2-52-36-254-136.us-west-2.compute.amazonaws.com",
                            "public_ip": "52.36.254.136",
                            "root_block_device.#": "1",
                            "root_block_device.0.delete_on_termination": "true",
                            "root_block_device.0.iops": "100",
                            "root_block_device.0.volume_id": "vol-05ba6532cdb38dc2c",
                            "root_block_device.0.volume_size": "10",
                            "root_block_device.0.volume_type": "gp2",
                            "security_groups.#": "1",
                            "security_groups.857685711": "terraform-20190423104530011200000001",
                            "source_dest_check": "true",
                            "subnet_id": "subnet-c01b56b9",
                            "tags.%": "1",
                            "tags.Name": "first-ec2-instance",
                            "tenancy": "default",
                            "volume_tags.%": "0",
                            "vpc_security_group_ids.#": "1",
                            "vpc_security_group_ids.3198116657": "sg-00167c554b20c2a27"
                        },
                        "meta": {
                            "e2bfb730-ecaa-11e6-8f88-34363bc7c4c0": {
                                "create": 600000000000,
                                "delete": 1200000000000,
                                "update": 600000000000
                            },
                            "schema_version": "1"
                        },
                        "tainted": false
                    },
                    "deposed": [],
                    "provider": "provider.aws"
                },
                "aws_key_pair.example": {
                    "type": "aws_key_pair",
                    "depends_on": [],
                    "primary": {
                        "id": "AdvanceCFN",
                        "attributes": {
                            "fingerprint": "0c:8f:3c:02:6d:65:1e:d3:8d:c6:46:7d:85:6a:60:50",
                            "id": "AdvanceCFN",
                            "key_name": "AdvanceCFN",
                            "public_key": "ssh-rsa AAAAB3NzaC1yc2EAAAADAQABAAABAQC28ecGrcZV21/s4Br8vCT+CmVO9Ahq1ou/+kln8etkeHU6t1R19n45NsVMvJmj+mgudUwUdMwTQ5RbcKZ0Tsur677VbRTfgsEoJ+9mraB7KHV9HK0Ij6PI4CzrgsvCCoqLNC4c2zZ/TgJYujFT7ozWhrVfn4XiKWK7+0CUi8hUAe5uD1ulEnvIsQqfTAq8ah63ZvOLp/S+WpaYlecErQoN6nVcVSOVVh+E8ml7gpLjy+gM2mtiin2lop2MPrwIWnst7HHKSxB6UE85dW43h+M2SnBKN6U/EMUIwsb9ndQ05TVnHw2gnBN5EwLkGwuNjqXHOjwZZZ6T2RW7JStlhqXZ"
                        },
                        "meta": {
                            "schema_version": "1"
                        },
                        "tainted": false
                    },
                    "deposed": [],
                    "provider": "provider.aws"
                },
                "aws_security_group.examplesg": {
                    "type": "aws_security_group",
                    "depends_on": [],
                    "primary": {
                        "id": "sg-00167c554b20c2a27",
                        "attributes": {
                            "arn": "arn:aws:ec2:us-west-2:853685740910:security-group/sg-00167c554b20c2a27",
                            "description": "Managed by Terraform",
                            "egress.#": "0",
                            "id": "sg-00167c554b20c2a27",
                            "ingress.#": "1",
                            "ingress.2541437006.cidr_blocks.#": "1",
                            "ingress.2541437006.cidr_blocks.0": "0.0.0.0/0",
                            "ingress.2541437006.description": "",
                            "ingress.2541437006.from_port": "22",
                            "ingress.2541437006.ipv6_cidr_blocks.#": "0",
                            "ingress.2541437006.prefix_list_ids.#": "0",
                            "ingress.2541437006.protocol": "tcp",
                            "ingress.2541437006.security_groups.#": "0",
                            "ingress.2541437006.self": "false",
                            "ingress.2541437006.to_port": "22",
                            "name": "terraform-20190423104530011200000001",
                            "owner_id": "853685740910",
                            "revoke_rules_on_delete": "false",
                            "tags.%": "0",
                            "vpc_id": "vpc-4a7c8b32"
                        },
                        "meta": {
                            "e2bfb730-ecaa-11e6-8f88-34363bc7c4c0": {
                                "create": 600000000000,
                                "delete": 600000000000
                            },
                            "schema_version": "1"
                        },
                        "tainted": false
                    },
                    "deposed": [],
                    "provider": "provider.aws"
                }
            },
            "depends_on": []
        }
    ]
}
